
Microsoft Visual Studio Solution File, Format Version 12.00
# Visual Studio 15
VisualStudioVersion = 15.0.28010.2048
MinimumVisualStudioVersion = 10.0.40219.1
Project("{9A19103F-16F7-4668-BE54-9A1E7A4F7556}") = "subjectmicroservice", "subjectmicroservice\subjectmicroservice.csproj", "{A8D79EBC-D49E-4709-B330-C03D8B55433E}"
EndProject
Project("{E53339B2-1760-4266-BCC7-CA923CBCF16C}") = "docker-compose", "docker-compose.dcproj", "{5B705B10-AA0C-4EDF-A03C-0F521D000E1C}"
EndProject
Global
	GlobalSection(SolutionConfigurationPlatforms) = preSolution
		Debug|Any CPU = Debug|Any CPU
		Release|Any CPU = Release|Any CPU
	EndGlobalSection
	GlobalSection(ProjectConfigurationPlatforms) = postSolution
		{A8D79EBC-D49E-4709-B330-C03D8B55433E}.Debug|Any CPU.ActiveCfg = Debug|Any CPU
		{A8D79EBC-D49E-4709-B330-C03D8B55433E}.Debug|Any CPU.Build.0 = Debug|Any CPU
		{A8D79EBC-D49E-4709-B330-C03D8B55433E}.Release|Any CPU.ActiveCfg = Release|Any CPU
		{A8D79EBC-D49E-4709-B330-C03D8B55433E}.Release|Any CPU.Build.0 = Release|Any CPU
		{5B705B10-AA0C-4EDF-A03C-0F521D000E1C}.Debug|Any CPU.ActiveCfg = Debug|Any CPU
		{5B705B10-AA0C-4EDF-A03C-0F521D000E1C}.Debug|Any CPU.Build.0 = Debug|Any CPU
		{5B705B10-AA0C-4EDF-A03C-0F521D000E1C}.Release|Any CPU.ActiveCfg = Release|Any CPU
		{5B705B10-AA0C-4EDF-A03C-0F521D000E1C}.Release|Any CPU.Build.0 = Release|Any CPU
	EndGlobalSection
	GlobalSection(SolutionProperties) = preSolution
		HideSolutionNode = FALSE
	EndGlobalSection
	GlobalSection(ExtensibilityGlobals) = postSolution
		SolutionGuid = {79F422C4-3840-4E51-8E78-2B345DA03164}
	EndGlobalSection
EndGlobal
